
Microsoft Visual Studio Solution File, Format Version 12.00
# Visual Studio Version 17
VisualStudioVersion = 17.8.34330.188
MinimumVisualStudioVersion = 10.0.40219.1
Project("{9A19103F-16F7-4668-BE54-9A1E7A4F7556}") = "EmployeeWebApi", "EmployeeWebApi\EmployeeWebApi.csproj", "{78118F2D-4191-40A8-B540-E5251445D63B}"
EndProject
Project("{2150E333-8FDC-42A3-9474-1A3956D46DE8}") = "01.BackEnd", "01.BackEnd", "{114E0811-13F7-46C5-A4F3-2F828AEB40B9}"
EndProject
Project("{2150E333-8FDC-42A3-9474-1A3956D46DE8}") = "02.FrontEnd", "02.FrontEnd", "{5A70FDEB-0ADE-4A46-ADA0-47AEC926128F}"
EndProject
Project("{FAE04EC0-301F-11D3-BF4B-00C04F79EFBC}") = "EmployeDesktop", "EmployeDesktop\EmployeDesktop.csproj", "{26BC4E42-CFA3-42FF-AC4B-2B74DBF2DB7E}"
EndProject
Global
	GlobalSection(SolutionConfigurationPlatforms) = preSolution
		Debug|Any CPU = Debug|Any CPU
		Release|Any CPU = Release|Any CPU
	EndGlobalSection
	GlobalSection(ProjectConfigurationPlatforms) = postSolution
		{78118F2D-4191-40A8-B540-E5251445D63B}.Debug|Any CPU.ActiveCfg = Debug|Any CPU
		{78118F2D-4191-40A8-B540-E5251445D63B}.Debug|Any CPU.Build.0 = Debug|Any CPU
		{78118F2D-4191-40A8-B540-E5251445D63B}.Release|Any CPU.ActiveCfg = Release|Any CPU
		{78118F2D-4191-40A8-B540-E5251445D63B}.Release|Any CPU.Build.0 = Release|Any CPU
		{26BC4E42-CFA3-42FF-AC4B-2B74DBF2DB7E}.Debug|Any CPU.ActiveCfg = Debug|Any CPU
		{26BC4E42-CFA3-42FF-AC4B-2B74DBF2DB7E}.Debug|Any CPU.Build.0 = Debug|Any CPU
		{26BC4E42-CFA3-42FF-AC4B-2B74DBF2DB7E}.Release|Any CPU.ActiveCfg = Release|Any CPU
		{26BC4E42-CFA3-42FF-AC4B-2B74DBF2DB7E}.Release|Any CPU.Build.0 = Release|Any CPU
	EndGlobalSection
	GlobalSection(SolutionProperties) = preSolution
		HideSolutionNode = FALSE
	EndGlobalSection
	GlobalSection(NestedProjects) = preSolution
		{78118F2D-4191-40A8-B540-E5251445D63B} = {114E0811-13F7-46C5-A4F3-2F828AEB40B9}
		{26BC4E42-CFA3-42FF-AC4B-2B74DBF2DB7E} = {5A70FDEB-0ADE-4A46-ADA0-47AEC926128F}
	EndGlobalSection
	GlobalSection(ExtensibilityGlobals) = postSolution
		SolutionGuid = {F48481FC-8470-4E3D-A528-42E69AEC6B95}
	EndGlobalSection
EndGlobal
